
Microsoft Visual Studio Solution File, Format Version 12.00
# Visual Studio Version 16
VisualStudioVersion = 16.0.31410.357
MinimumVisualStudioVersion = 10.0.40219.1
Project("{2150E333-8FDC-42A3-9474-1A3956D46DE8}") = "API", "API", "{C964862E-A358-4140-A924-19102BDD0325}"
EndProject
Project("{FAE04EC0-301F-11D3-BF4B-00C04F79EFBC}") = "CEP.WebAPI", "CEP.WebAPI\CEP.WebAPI.csproj", "{CF154787-2946-44A2-99A5-31957022A3D5}"
EndProject
Global
	GlobalSection(SolutionConfigurationPlatforms) = preSolution
		Debug|Any CPU = Debug|Any CPU
		Release|Any CPU = Release|Any CPU
	EndGlobalSection
	GlobalSection(ProjectConfigurationPlatforms) = postSolution
		{CF154787-2946-44A2-99A5-31957022A3D5}.Debug|Any CPU.ActiveCfg = Debug|Any CPU
		{CF154787-2946-44A2-99A5-31957022A3D5}.Debug|Any CPU.Build.0 = Debug|Any CPU
		{CF154787-2946-44A2-99A5-31957022A3D5}.Release|Any CPU.ActiveCfg = Release|Any CPU
		{CF154787-2946-44A2-99A5-31957022A3D5}.Release|Any CPU.Build.0 = Release|Any CPU
	EndGlobalSection
	GlobalSection(SolutionProperties) = preSolution
		HideSolutionNode = FALSE
	EndGlobalSection
	GlobalSection(NestedProjects) = preSolution
		{CF154787-2946-44A2-99A5-31957022A3D5} = {C964862E-A358-4140-A924-19102BDD0325}
	EndGlobalSection
	GlobalSection(ExtensibilityGlobals) = postSolution
		SolutionGuid = {6C6CE465-538F-4583-A14F-F447ABA94289}
	EndGlobalSection
EndGlobal
