
Microsoft Visual Studio Solution File, Format Version 12.00
# Visual Studio Version 16
VisualStudioVersion = 16.0.31410.357
MinimumVisualStudioVersion = 10.0.40219.1
Project("{2150E333-8FDC-42A3-9474-1A3956D46DE8}") = "API", "API", "{C964862E-A358-4140-A924-19102BDD0325}"
EndProject
Project("{9A19103F-16F7-4668-BE54-9A1E7A4F7556}") = "CEP.WebAPI", "CEP.WebAPI\CEP.WebAPI.csproj", "{CF154787-2946-44A2-99A5-31957022A3D5}"
EndProject
Project("{2150E333-8FDC-42A3-9474-1A3956D46DE8}") = "DAL", "DAL", "{B61FBBE0-E0FB-4E0A-9BE8-F7A941170CA6}"
EndProject
Project("{2150E333-8FDC-42A3-9474-1A3956D46DE8}") = "Utils", "Utils", "{C5D8EB4F-BA05-4288-ABAC-6FBF993DE27B}"
EndProject
Project("{2150E333-8FDC-42A3-9474-1A3956D46DE8}") = "Infrastructure", "Infrastructure", "{EDAA5C55-FDE1-4C24-93A1-D0E140A97AEB}"
EndProject
Project("{9A19103F-16F7-4668-BE54-9A1E7A4F7556}") = "CEP.Models", "CEP.Models\CEP.Models.csproj", "{05545366-CF08-4DF0-B496-60FA3C8D626D}"
EndProject
Project("{9A19103F-16F7-4668-BE54-9A1E7A4F7556}") = "CEP.DAL", "CEP.DAL\CEP.DAL.csproj", "{6BD680B9-3567-4D51-B0CC-D0381B0DC5E7}"
EndProject
Project("{2150E333-8FDC-42A3-9474-1A3956D46DE8}") = "BLL", "BLL", "{D560C288-B9C1-40D6-AE81-F5C7427A3FFF}"
EndProject
Project("{9A19103F-16F7-4668-BE54-9A1E7A4F7556}") = "CEP.BLL.BaseDbService", "CEP.BLL.BaseDbService\CEP.BLL.BaseDbService.csproj", "{C13D08A6-1CF6-4B2C-90C4-5A1B5F0C3E9D}"
EndProject
Project("{9A19103F-16F7-4668-BE54-9A1E7A4F7556}") = "repository-unitofwork", "..\repository-unitofwork\repository-unitofwork\repository-unitofwork.csproj", "{B42144A6-2D99-469E-8B2B-A739AFDE55B9}"
EndProject
Project("{9A19103F-16F7-4668-BE54-9A1E7A4F7556}") = "CEP.Constants", "CEP.Constants\CEP.Constants.csproj", "{ACAAF76B-A87E-4887-B446-C5D6710B1032}"
EndProject
Project("{9A19103F-16F7-4668-BE54-9A1E7A4F7556}") = "CEP.BLL.AccountServices", "CEP.BLL.Account\CEP.BLL.AccountServices.csproj", "{0C9CD360-58AA-4A2D-914E-02D1BCD5D3B1}"
EndProject
Project("{9A19103F-16F7-4668-BE54-9A1E7A4F7556}") = "CEP.Helpers.Tokens", "CEP.Helpers.Tokens\CEP.Helpers.Tokens.csproj", "{C6A8F1C1-BFB6-42B4-A2E8-310F271536AF}"
EndProject
Global
	GlobalSection(SolutionConfigurationPlatforms) = preSolution
		Debug|Any CPU = Debug|Any CPU
		Release|Any CPU = Release|Any CPU
	EndGlobalSection
	GlobalSection(ProjectConfigurationPlatforms) = postSolution
		{CF154787-2946-44A2-99A5-31957022A3D5}.Debug|Any CPU.ActiveCfg = Debug|Any CPU
		{CF154787-2946-44A2-99A5-31957022A3D5}.Debug|Any CPU.Build.0 = Debug|Any CPU
		{CF154787-2946-44A2-99A5-31957022A3D5}.Release|Any CPU.ActiveCfg = Release|Any CPU
		{CF154787-2946-44A2-99A5-31957022A3D5}.Release|Any CPU.Build.0 = Release|Any CPU
		{05545366-CF08-4DF0-B496-60FA3C8D626D}.Debug|Any CPU.ActiveCfg = Debug|Any CPU
		{05545366-CF08-4DF0-B496-60FA3C8D626D}.Debug|Any CPU.Build.0 = Debug|Any CPU
		{05545366-CF08-4DF0-B496-60FA3C8D626D}.Release|Any CPU.ActiveCfg = Release|Any CPU
		{05545366-CF08-4DF0-B496-60FA3C8D626D}.Release|Any CPU.Build.0 = Release|Any CPU
		{6BD680B9-3567-4D51-B0CC-D0381B0DC5E7}.Debug|Any CPU.ActiveCfg = Debug|Any CPU
		{6BD680B9-3567-4D51-B0CC-D0381B0DC5E7}.Debug|Any CPU.Build.0 = Debug|Any CPU
		{6BD680B9-3567-4D51-B0CC-D0381B0DC5E7}.Release|Any CPU.ActiveCfg = Release|Any CPU
		{6BD680B9-3567-4D51-B0CC-D0381B0DC5E7}.Release|Any CPU.Build.0 = Release|Any CPU
		{C13D08A6-1CF6-4B2C-90C4-5A1B5F0C3E9D}.Debug|Any CPU.ActiveCfg = Debug|Any CPU
		{C13D08A6-1CF6-4B2C-90C4-5A1B5F0C3E9D}.Debug|Any CPU.Build.0 = Debug|Any CPU
		{C13D08A6-1CF6-4B2C-90C4-5A1B5F0C3E9D}.Release|Any CPU.ActiveCfg = Release|Any CPU
		{C13D08A6-1CF6-4B2C-90C4-5A1B5F0C3E9D}.Release|Any CPU.Build.0 = Release|Any CPU
		{B42144A6-2D99-469E-8B2B-A739AFDE55B9}.Debug|Any CPU.ActiveCfg = Debug|Any CPU
		{B42144A6-2D99-469E-8B2B-A739AFDE55B9}.Debug|Any CPU.Build.0 = Debug|Any CPU
		{B42144A6-2D99-469E-8B2B-A739AFDE55B9}.Release|Any CPU.ActiveCfg = Release|Any CPU
		{B42144A6-2D99-469E-8B2B-A739AFDE55B9}.Release|Any CPU.Build.0 = Release|Any CPU
		{ACAAF76B-A87E-4887-B446-C5D6710B1032}.Debug|Any CPU.ActiveCfg = Debug|Any CPU
		{ACAAF76B-A87E-4887-B446-C5D6710B1032}.Debug|Any CPU.Build.0 = Debug|Any CPU
		{ACAAF76B-A87E-4887-B446-C5D6710B1032}.Release|Any CPU.ActiveCfg = Release|Any CPU
		{ACAAF76B-A87E-4887-B446-C5D6710B1032}.Release|Any CPU.Build.0 = Release|Any CPU
		{0C9CD360-58AA-4A2D-914E-02D1BCD5D3B1}.Debug|Any CPU.ActiveCfg = Debug|Any CPU
		{0C9CD360-58AA-4A2D-914E-02D1BCD5D3B1}.Debug|Any CPU.Build.0 = Debug|Any CPU
		{0C9CD360-58AA-4A2D-914E-02D1BCD5D3B1}.Release|Any CPU.ActiveCfg = Release|Any CPU
		{0C9CD360-58AA-4A2D-914E-02D1BCD5D3B1}.Release|Any CPU.Build.0 = Release|Any CPU
		{C6A8F1C1-BFB6-42B4-A2E8-310F271536AF}.Debug|Any CPU.ActiveCfg = Debug|Any CPU
		{C6A8F1C1-BFB6-42B4-A2E8-310F271536AF}.Debug|Any CPU.Build.0 = Debug|Any CPU
		{C6A8F1C1-BFB6-42B4-A2E8-310F271536AF}.Release|Any CPU.ActiveCfg = Release|Any CPU
		{C6A8F1C1-BFB6-42B4-A2E8-310F271536AF}.Release|Any CPU.Build.0 = Release|Any CPU
	EndGlobalSection
	GlobalSection(SolutionProperties) = preSolution
		HideSolutionNode = FALSE
	EndGlobalSection
	GlobalSection(NestedProjects) = preSolution
		{CF154787-2946-44A2-99A5-31957022A3D5} = {C964862E-A358-4140-A924-19102BDD0325}
		{05545366-CF08-4DF0-B496-60FA3C8D626D} = {EDAA5C55-FDE1-4C24-93A1-D0E140A97AEB}
		{6BD680B9-3567-4D51-B0CC-D0381B0DC5E7} = {B61FBBE0-E0FB-4E0A-9BE8-F7A941170CA6}
		{C13D08A6-1CF6-4B2C-90C4-5A1B5F0C3E9D} = {D560C288-B9C1-40D6-AE81-F5C7427A3FFF}
		{B42144A6-2D99-469E-8B2B-A739AFDE55B9} = {C5D8EB4F-BA05-4288-ABAC-6FBF993DE27B}
		{ACAAF76B-A87E-4887-B446-C5D6710B1032} = {C5D8EB4F-BA05-4288-ABAC-6FBF993DE27B}
		{0C9CD360-58AA-4A2D-914E-02D1BCD5D3B1} = {D560C288-B9C1-40D6-AE81-F5C7427A3FFF}
		{C6A8F1C1-BFB6-42B4-A2E8-310F271536AF} = {C5D8EB4F-BA05-4288-ABAC-6FBF993DE27B}
	EndGlobalSection
	GlobalSection(ExtensibilityGlobals) = postSolution
		SolutionGuid = {6C6CE465-538F-4583-A14F-F447ABA94289}
	EndGlobalSection
EndGlobal
